<?xml version="1.0" encoding="utf-8"?>
<Project ToolsVersion="4.0" xmlns="http://schemas.microsoft.com/developer/msbuild/2003">
  <ItemGroup>
    <ClCompile Include="help.cpp" />
    <ClCompile Include="FallApple.cpp" />
    <ClCompile Include="PadInput.cpp" />
    <ClCompile Include="main.cpp" />
    <ClCompile Include="Player.cpp" />
    <ClCompile Include="ranking_name_input.cpp" />
    <ClCompile Include="resourceLoad.cpp" />
    <ClCompile Include="test.cpp" />
    <ClCompile Include="Title.cpp" />
    <ClCompile Include="リンゴ生成.cpp" />
  </ItemGroup>
  <ItemGroup>
    <ClInclude Include="Apple.h" />
    <ClInclude Include="main.h" />
    <ClInclude Include="PadInput.h" />
    <ClInclude Include="player.h" />
    <ClInclude Include="help.h" />
    <ClInclude Include="ranking_name_input.h" />
    <ClInclude Include="resourceLoad.h" />
    <ClInclude Include="test.h" />
    <ClInclude Include="Title.h" />
  </ItemGroup>
</Project>