<?xml version="1.0" encoding="utf-8"?>
<Project ToolsVersion="4.0" xmlns="http://schemas.microsoft.com/developer/msbuild/2003">
  <ItemGroup>
    <ClCompile Include="help.cpp" />
    <ClCompile Include="FallApple.cpp" />
    <ClCompile Include="PadInput.cpp" />
    <ClCompile Include="main.cpp" />
    <ClCompile Include="Player.cpp" />
    <ClCompile Include="ranking_name_input.cpp" />
    <ClCompile Include="resourceLoad.cpp" />
    <ClCompile Include="test.cpp" />
    <ClCompile Include="title.cpp" />
    <ClCompile Include="AppleGn.cpp" />
    <ClCompile Include="ranking.cpp" />
    <ClCompile Include="end.cpp" />
  </ItemGroup>
  <ItemGroup>
    <ClInclude Include="Apple.h" />
    <ClInclude Include="main.h" />
    <ClInclude Include="PadInput.h" />
    <ClInclude Include="player.h" />
    <ClInclude Include="help.h" />
    <ClInclude Include="ranking_name_input.h" />
    <ClInclude Include="resourceLoad.h" />
    <ClInclude Include="test.h" />
    <ClInclude Include="title.h" />
    <ClCompile Include="main.cpp">
      <Filter>ソース ファイル</Filter>
    </ClCompile>
    <ClCompile Include="FallApple.cpp">
      <Filter>ソース ファイル</Filter>
    </ClCompile>
    <ClCompile Include="Title.cpp">
      <Filter>ソース ファイル</Filter>
    </ClCompile>
    <ClInclude Include="ranking.h" />
    <ClInclude Include="end.h" />
  </ItemGroup>
  <ItemGroup>
    <ClCompile Include="PadInput.cpp">
      <Filter>ソース ファイル</Filter>
    </ClCompile>
    <ClCompile Include="Player.cpp">
      <Filter>ソース ファイル</Filter>
    </ClCompile>
    <ClCompile Include="ranking_name_input.cpp">
      <Filter>ソース ファイル</Filter>
    </ClCompile>
    <ClCompile Include="resourceLoad.cpp">
      <Filter>ソース ファイル</Filter>
    </ClCompile>
    <ClCompile Include="test.cpp">
      <Filter>ソース ファイル</Filter>
    </ClCompile>
  </ItemGroup>
  <ItemGroup>
    <ClInclude Include="main.h">
      <Filter>ヘッダー ファイル</Filter>
    </ClInclude>
    <ClInclude Include="PadInput.h">
      <Filter>ヘッダー ファイル</Filter>
    </ClInclude>
    <ClInclude Include="player.h">
      <Filter>ヘッダー ファイル</Filter>
    </ClInclude>
    <ClInclude Include="ranking_name_input.h">
      <Filter>ヘッダー ファイル</Filter>
    </ClInclude>
    <ClInclude Include="resourceLoad.h">
      <Filter>ヘッダー ファイル</Filter>
    </ClInclude>
    <ClInclude Include="test.h">
      <Filter>ヘッダー ファイル</Filter>
    </ClInclude>
    <ClInclude Include="Apple.h">
      <Filter>ヘッダー ファイル</Filter>
    </ClInclude>
    <ClInclude Include="Title.h">
      <Filter>ヘッダー ファイル</Filter>
    </ClInclude>
  </ItemGroup>
</Project>